
Microsoft Visual Studio Solution File, Format Version 12.00
# Visual Studio Version 17
VisualStudioVersion = 17.8.34525.116
MinimumVisualStudioVersion = 10.0.40219.1
Project("{FAE04EC0-301F-11D3-BF4B-00C04F79EFBC}") = "Brand Web API", "Brand Web API.csproj", "{FBF92B26-BB9F-41DD-9CDF-FE1C28869F66}"
EndProject
Global
	GlobalSection(SolutionConfigurationPlatforms) = preSolution
		Debug|Any CPU = Debug|Any CPU
		Release|Any CPU = Release|Any CPU
	EndGlobalSection
	GlobalSection(ProjectConfigurationPlatforms) = postSolution
		{FBF92B26-BB9F-41DD-9CDF-FE1C28869F66}.Debug|Any CPU.ActiveCfg = Debug|Any CPU
		{FBF92B26-BB9F-41DD-9CDF-FE1C28869F66}.Debug|Any CPU.Build.0 = Debug|Any CPU
		{FBF92B26-BB9F-41DD-9CDF-FE1C28869F66}.Release|Any CPU.ActiveCfg = Release|Any CPU
		{FBF92B26-BB9F-41DD-9CDF-FE1C28869F66}.Release|Any CPU.Build.0 = Release|Any CPU
	EndGlobalSection
	GlobalSection(SolutionProperties) = preSolution
		HideSolutionNode = FALSE
	EndGlobalSection
	GlobalSection(ExtensibilityGlobals) = postSolution
		SolutionGuid = {0A25D006-8BE7-45BE-B2AB-14D8284773FF}
	EndGlobalSection
EndGlobal
